// !$*UTF8*$!
{
	archiveVersion = 1;
	classes = {
	};
	objectVersion = 46;
	objects = {

/* Begin PBXBuildFile section */
		3BCE8F461EB42CD200DCCD65 /* AppDelegate.swift in Sources */ = {isa = PBXBuildFile; fileRef = 3BCE8F451EB42CD200DCCD65 /* AppDelegate.swift */; };
		3BCE8F481EB42CD200DCCD65 /* ViewController.swift in Sources */ = {isa = PBXBuildFile; fileRef = 3BCE8F471EB42CD200DCCD65 /* ViewController.swift */; };
		3BCE8F4B1EB42CD200DCCD65 /* Main.storyboard in Resources */ = {isa = PBXBuildFile; fileRef = 3BCE8F491EB42CD200DCCD65 /* Main.storyboard */; };
		3BCE8F4D1EB42CD200DCCD65 /* Assets.xcassets in Resources */ = {isa = PBXBuildFile; fileRef = 3BCE8F4C1EB42CD200DCCD65 /* Assets.xcassets */; };
		3BCE8F501EB42CD200DCCD65 /* LaunchScreen.storyboard in Resources */ = {isa = PBXBuildFile; fileRef = 3BCE8F4E1EB42CD200DCCD65 /* LaunchScreen.storyboard */; };
/* End PBXBuildFile section */

/* Begin PBXFileReference section */
		3BCE8F421EB42CD200DCCD65 /* StorageTutorial.app */ = {isa = PBXFileReference; explicitFileType = wrapper.application; includeInIndex = 0; path = StorageTutorial.app; sourceTree = BUILT_PRODUCTS_DIR; };
		3BCE8F451EB42CD200DCCD65 /* AppDelegate.swift */ = {isa = PBXFileReference; lastKnownFileType = sourcecode.swift; path = AppDelegate.swift; sourceTree = "<group>"; };
		3BCE8F471EB42CD200DCCD65 /* ViewController.swift */ = {isa = PBXFileReference; lastKnownFileType = sourcecode.swift; path = ViewController.swift; sourceTree = "<group>"; };
		3BCE8F4A1EB42CD200DCCD65 /* Base */ = {isa = PBXFileReference; lastKnownFileType = file.storyboard; name = Base; path = Base.lproj/Main.storyboard; sourceTree = "<group>"; };
		3BCE8F4C1EB42CD200DCCD65 /* Assets.xcassets */ = {isa = PBXFileReference; lastKnownFileType = folder.assetcatalog; path = Assets.xcassets; sourceTree = "<group>"; };
		3BCE8F4F1EB42CD200DCCD65 /* Base */ = {isa = PBXFileReference; lastKnownFileType = file.storyboard; name = Base; path = Base.lproj/LaunchScreen.storyboard; sourceTree = "<group>"; };
		3BCE8F511EB42CD200DCCD65 /* Info.plist */ = {isa = PBXFileReference; lastKnownFileType = text.plist.xml; path = Info.plist; sourceTree = "<group>"; };
/* End PBXFileReference section */

/* Begin PBXFrameworksBuildPhase section */
		3BCE8F3F1EB42CD200DCCD65 /* Frameworks */ = {
			isa = PBXFrameworksBuildPhase;
			buildActionMask = 2147483647;
			files = (
			);
			runOnlyForDeploymentPostprocessing = 0;
		};
/* End PBXFrameworksBuildPhase section */

/* Begin PBXGroup section */
		3BCE8F391EB42CD200DCCD65 = {
			isa = PBXGroup;
			children = (
				3BCE8F441EB42CD200DCCD65 /* StorageTutorial */,
				3BCE8F431EB42CD200DCCD65 /* Products */,
			);
			sourceTree = "<group>";
		};
		3BCE8F431EB42CD200DCCD65 /* Products */ = {
			isa = PBXGroup;
			children = (
				3BCE8F421EB42CD200DCCD65 /* StorageTutorial.app */,
			);
			name = Products;
			sourceTree = "<group>";
		};
		3BCE8F441EB42CD200DCCD65 /* StorageTutorial */ = {
			isa = PBXGroup;
			children = (
				3BCE8F451EB42CD200DCCD65 /* AppDelegate.swift */,
				3BCE8F471EB42CD200DCCD65 /* ViewController.swift */,
				3BCE8F491EB42CD200DCCD65 /* Main.storyboard */,
				3BCE8F4C1EB42CD200DCCD65 /* Assets.xcassets */,
				3BCE8F4E1EB42CD200DCCD65 /* LaunchScreen.storyboard */,
				3BCE8F511EB42CD200DCCD65 /* Info.plist */,
			);
			path = StorageTutorial;
			sourceTree = "<group>";
		};
/* End PBXGroup section */

/* Begin PBXNativeTarget section */
		3BCE8F411EB42CD200DCCD65 /* StorageTutorial */ = {
			isa = PBXNativeTarget;
			buildConfigurationList = 3BCE8F541EB42CD200DCCD65 /* Build configuration list for PBXNativeTarget "StorageTutorial" */;
			buildPhases = (
				3BCE8F3E1EB42CD200DCCD65 /* Sources */,
				3BCE8F3F1EB42CD200DCCD65 /* Frameworks */,
				3BCE8F401EB42CD200DCCD65 /* Resources */,
			);
			buildRules = (
			);
			dependencies = (
			);
			name = StorageTutorial;
			productName = StorageTutorial;
			productReference = 3BCE8F421EB42CD200DCCD65 /* StorageTutorial.app */;
			productType = "com.apple.product-type.application";
		};
/* End PBXNativeTarget section */

/* Begin PBXProject section */
		3BCE8F3A1EB42CD200DCCD65 /* Project object */ = {
			isa = PBXProject;
			attributes = {
				LastSwiftUpdateCheck = 0830;
				LastUpgradeCheck = 0830;
				ORGANIZATIONNAME = AGx;
				TargetAttributes = {
					3BCE8F411EB42CD200DCCD65 = {
						CreatedOnToolsVersion = 8.3.2;
						DevelopmentTeam = ZG6E9H7P4H;
						ProvisioningStyle = Automatic;
					};
				};
			};
			buildConfigurationList = 3BCE8F3D1EB42CD200DCCD65 /* Build configuration list for PBXProject "StorageTutorial" */;
			compatibilityVersion = "Xcode 3.2";
			developmentRegion = English;
			hasScannedForEncodings = 0;
			knownRegions = (
				en,
				Base,
			);
			mainGroup = 3BCE8F391EB42CD200DCCD65;
			productRefGroup = 3BCE8F431EB42CD200DCCD65 /* Products */;
			projectDirPath = "";
			projectRoot = "";
			targets = (
				3BCE8F411EB42CD200DCCD65 /* StorageTutorial */,
			);
		};
/* End PBXProject section */

/* Begin PBXResourcesBuildPhase section */
		3BCE8F401EB42CD200DCCD65 /* Resources */ = {
			isa = PBXResourcesBuildPhase;
			buildActionMask = 2147483647;
			files = (
				3BCE8F501EB42CD200DCCD65 /* LaunchScreen.storyboard in Resources */,
				3BCE8F4D1EB42CD200DCCD65 /* Assets.xcassets in Resources */,
				3BCE8F4B1EB42CD200DCCD65 /* Main.storyboard in Resources */,
			);
			runOnlyForDeploymentPostprocessing = 0;
		};
/* End PBXResourcesBuildPhase section */

/* Begin PBXSourcesBuildPhase section */
		3BCE8F3E1EB42CD200DCCD65 /* Sources */ = {
			isa = PBXSourcesBuildPhase;
			buildActionMask = 2147483647;
			files = (
				3BCE8F481EB42CD200DCCD65 /* ViewController.swift in Sources */,
				3BCE8F461EB42CD200DCCD65 /* AppDelegate.swift in Sources */,
			);
			runOnlyForDeploymentPostprocessing = 0;
		};
/* End PBXSourcesBuildPhase section */

/* Begin PBXVariantGroup section */
		3BCE8F491EB42CD200DCCD65 /* Main.storyboard */ = {
			isa = PBXVariantGroup;
			children = (
				3BCE8F4A1EB42CD200DCCD65 /* Base */,
			);
			name = Main.storyboard;
			sourceTree = "<group>";
		};
		3BCE8F4E1EB42CD200DCCD65 /* LaunchScreen.storyboard */ = {
			isa = PBXVariantGroup;
			children = (
				3BCE8F4F1EB42CD200DCCD65 /* Base */,
			);
			name = LaunchScreen.storyboard;
			sourceTree = "<group>";
		};
/* End PBXVariantGroup section */

/* Begin XCBuildConfiguration section */
		3BCE8F521EB42CD200DCCD65 /* Debug */ = {
			isa = XCBuildConfiguration;
			buildSettings = {
				ALWAYS_SEARCH_USER_PATHS = NO;
				CLANG_ANALYZER_NONNULL = YES;
				CLANG_ANALYZER_NUMBER_OBJECT_CONVERSION = YES_AGGRESSIVE;
				CLANG_CXX_LANGUAGE_STANDARD = "gnu++0x";
				CLANG_CXX_LIBRARY = "libc++";
				CLANG_ENABLE_MODULES = YES;
				CLANG_ENABLE_OBJC_ARC = YES;
				CLANG_WARN_BOOL_CONVERSION = YES;
				CLANG_WARN_CONSTANT_CONVERSION = YES;
				CLANG_WARN_DIRECT_OBJC_ISA_USAGE = YES_ERROR;
				CLANG_WARN_DOCUMENTATION_COMMENTS = YES;
				CLANG_WARN_EMPTY_BODY = YES;
				CLANG_WARN_ENUM_CONVERSION = YES;
				CLANG_WARN_INFINITE_RECURSION = YES;
				CLANG_WARN_INT_CONVERSION = YES;
				CLANG_WARN_OBJC_ROOT_CLASS = YES_ERROR;
				CLANG_WARN_SUSPICIOUS_MOVE = YES;
				CLANG_WARN_UNREACHABLE_CODE = YES;
				CLANG_WARN__DUPLICATE_METHOD_MATCH = YES;
				"CODE_SIGN_IDENTITY[sdk=iphoneos*]" = "iPhone Developer";
				COPY_PHASE_STRIP = NO;
				DEBUG_INFORMATION_FORMAT = dwarf;
				ENABLE_STRICT_OBJC_MSGSEND = YES;
				ENABLE_TESTABILITY = YES;
				GCC_C_LANGUAGE_STANDARD = gnu99;
				GCC_DYNAMIC_NO_PIC = NO;
				GCC_NO_COMMON_BLOCKS = YES;
				GCC_OPTIMIZATION_LEVEL = 0;
				GCC_PREPROCESSOR_DEFINITIONS = (
					"DEBUG=1",
					"$(inherited)",
				);
				GCC_WARN_64_TO_32_BIT_CONVERSION = YES;
				GCC_WARN_ABOUT_RETURN_TYPE = YES_ERROR;
				GCC_WARN_UNDECLARED_SELECTOR = YES;
				GCC_WARN_UNINITIALIZED_AUTOS = YES_AGGRESSIVE;
				GCC_WARN_UNUSED_FUNCTION = YES;
				GCC_WARN_UNUSED_VARIABLE = YES;
				IPHONEOS_DEPLOYMENT_TARGET = 10.3;
				MTL_ENABLE_DEBUG_INFO = YES;
				ONLY_ACTIVE_ARCH = YES;
				SDKROOT = iphoneos;
				SWIFT_ACTIVE_COMPILATION_CONDITIONS = DEBUG;
				SWIFT_OPTIMIZATION_LEVEL = "-Onone";
			};
			name = Debug;
		};
		3BCE8F531EB42CD200DCCD65 /* Release */ = {
			isa = XCBuildConfiguration;
			buildSettings = {
				ALWAYS_SEARCH_USER_PATHS = NO;
				CLANG_ANALYZER_NONNULL = YES;
				CLANG_ANALYZER_NUMBER_OBJECT_CONVERSION = YES_AGGRESSIVE;
				CLANG_CXX_LANGUAGE_STANDARD = "gnu++0x";
				CLANG_CXX_LIBRARY = "libc++";
				CLANG_ENABLE_MODULES = YES;
				CLANG_ENABLE_OBJC_ARC = YES;
				CLANG_WARN_BOOL_CONVERSION = YES;
				CLANG_WARN_CONSTANT_CONVERSION = YES;
				CLANG_WARN_DIRECT_OBJC_ISA_USAGE = YES_ERROR;
				CLANG_WARN_DOCUMENTATION_COMMENTS = YES;
				CLANG_WARN_EMPTY_BODY = YES;
				CLANG_WARN_ENUM_CONVERSION = YES;
				CLANG_WARN_INFINITE_RECURSION = YES;
				CLANG_WARN_INT_CONVERSION = YES;
				CLANG_WARN_OBJC_ROOT_CLASS = YES_ERROR;
				CLANG_WARN_SUSPICIOUS_MOVE = YES;
				CLANG_WARN_UNREACHABLE_CODE = YES;
				CLANG_WARN__DUPLICATE_METHOD_MATCH = YES;
				"CODE_SIGN_IDENTITY[sdk=iphoneos*]" = "iPhone Developer";
				COPY_PHASE_STRIP = NO;
				DEBUG_INFORMATION_FORMAT = "dwarf-with-dsym";
				ENABLE_NS_ASSERTIONS = NO;
				ENABLE_STRICT_OBJC_MSGSEND = YES;
				GCC_C_LANGUAGE_STANDARD = gnu99;
				GCC_NO_COMMON_BLOCKS = YES;
				GCC_WARN_64_TO_32_BIT_CONVERSION = YES;
				GCC_WARN_ABOUT_RETURN_TYPE = YES_ERROR;
				GCC_WARN_UNDECLARED_SELECTOR = YES;
				GCC_WARN_UNINITIALIZED_AUTOS = YES_AGGRESSIVE;
				GCC_WARN_UNUSED_FUNCTION = YES;
				GCC_WARN_UNUSED_VARIABLE = YES;
				IPHONEOS_DEPLOYMENT_TARGET = 10.3;
				MTL_ENABLE_DEBUG_INFO = NO;
				SDKROOT = iphoneos;
				SWIFT_OPTIMIZATION_LEVEL = "-Owholemodule";
				VALIDATE_PRODUCT = YES;
			};
			name = Release;
		};
		3BCE8F551EB42CD200DCCD65 /* Debug */ = {
			isa = XCBuildConfiguration;
			buildSettings = {
				ASSETCATALOG_COMPILER_APPICON_NAME = AppIcon;
				DEVELOPMENT_TEAM = ZG6E9H7P4H;
				INFOPLIST_FILE = StorageTutorial/Info.plist;
				LD_RUNPATH_SEARCH_PATHS = "$(inherited) @executable_path/Frameworks";
				PRODUCT_BUNDLE_IDENTIFIER = com.agx.emoticoins.StorageTutorial;
				PRODUCT_NAME = "$(TARGET_NAME)";
				SWIFT_VERSION = 3.0;
			};
			name = Debug;
		};
		3BCE8F561EB42CD200DCCD65 /* Release */ = {
			isa = XCBuildConfiguration;
			buildSettings = {
				ASSETCATALOG_COMPILER_APPICON_NAME = AppIcon;
				DEVELOPMENT_TEAM = ZG6E9H7P4H;
				INFOPLIST_FILE = StorageTutorial/Info.plist;
				LD_RUNPATH_SEARCH_PATHS = "$(inherited) @executable_path/Frameworks";
				PRODUCT_BUNDLE_IDENTIFIER = com.agx.emoticoins.StorageTutorial;
				PRODUCT_NAME = "$(TARGET_NAME)";
				SWIFT_VERSION = 3.0;
			};
			name = Release;
		};
/* End XCBuildConfiguration section */

/* Begin XCConfigurationList section */
		3BCE8F3D1EB42CD200DCCD65 /* Build configuration list for PBXProject "StorageTutorial" */ = {
			isa = XCConfigurationList;
			buildConfigurations = (
				3BCE8F521EB42CD200DCCD65 /* Debug */,
				3BCE8F531EB42CD200DCCD65 /* Release */,
			);
			defaultConfigurationIsVisible = 0;
			defaultConfigurationName = Release;
		};
		3BCE8F541EB42CD200DCCD65 /* Build configuration list for PBXNativeTarget "StorageTutorial" */ = {
			isa = XCConfigurationList;
			buildConfigurations = (
				3BCE8F551EB42CD200DCCD65 /* Debug */,
				3BCE8F561EB42CD200DCCD65 /* Release */,
			);
			defaultConfigurationIsVisible = 0;
		};
/* End XCConfigurationList section */
	};
	rootObject = 3BCE8F3A1EB42CD200DCCD65 /* Project object */;
}
